
Microsoft Visual Studio Solution File, Format Version 12.00
# Visual Studio Version 16
VisualStudioVersion = 16.0.31025.194
MinimumVisualStudioVersion = 10.0.40219.1
Project("{FAE04EC0-301F-11D3-BF4B-00C04F79EFBC}") = "Preorder", "Preorder\Preorder.csproj", "{D589BAA3-9851-44AE-81A3-FF8E1E7526A8}"
EndProject
Global
	GlobalSection(SolutionConfigurationPlatforms) = preSolution
		Debug|Any CPU = Debug|Any CPU
		Release|Any CPU = Release|Any CPU
	EndGlobalSection
	GlobalSection(ProjectConfigurationPlatforms) = postSolution
		{D589BAA3-9851-44AE-81A3-FF8E1E7526A8}.Debug|Any CPU.ActiveCfg = Debug|Any CPU
		{D589BAA3-9851-44AE-81A3-FF8E1E7526A8}.Debug|Any CPU.Build.0 = Debug|Any CPU
		{D589BAA3-9851-44AE-81A3-FF8E1E7526A8}.Release|Any CPU.ActiveCfg = Release|Any CPU
		{D589BAA3-9851-44AE-81A3-FF8E1E7526A8}.Release|Any CPU.Build.0 = Release|Any CPU
	EndGlobalSection
	GlobalSection(SolutionProperties) = preSolution
		HideSolutionNode = FALSE
	EndGlobalSection
	GlobalSection(ExtensibilityGlobals) = postSolution
		SolutionGuid = {F3AD4601-8BF4-4C90-B697-1A17E9CA1CF3}
	EndGlobalSection
EndGlobal
